Microsoft Visual Studio Solution File, Format Version 12.00
# Visual Studio Version 16
VisualStudioVersion = 16.0.29324.140
MinimumVisualStudioVersion = 10.0.40219.1
Project("{FAE04EC0-301F-11D3-BF4B-00C04F79EFBC}") = "CDDT", "CDDT.csproj", "{54E6808F-5C4E-4526-A8D0-F433F0734F32}"
EndProject
Global
	GlobalSection(SolutionConfigurationPlatforms) = preSolution
		Debug|Any CPU = Debug|Any CPU
		Debug|x86 = Debug|x86
		Development|Any CPU = Development|Any CPU
		Development|x86 = Development|x86
		Latest|Any CPU = Latest|Any CPU
		Latest|x86 = Latest|x86
		Release|Any CPU = Release|Any CPU
		Release|x86 = Release|x86
		Stage|Any CPU = Stage|Any CPU
		Stage|x86 = Stage|x86
	EndGlobalSection
	GlobalSection(ProjectConfigurationPlatforms) = postSolution
		{54E6808F-5C4E-4526-A8D0-F433F0734F32}.Debug|Any CPU.ActiveCfg = Debug|Any CPU
		{54E6808F-5C4E-4526-A8D0-F433F0734F32}.Debug|Any CPU.Build.0 = Debug|Any CPU
		{54E6808F-5C4E-4526-A8D0-F433F0734F32}.Debug|x86.ActiveCfg = Debug|Any CPU
		{54E6808F-5C4E-4526-A8D0-F433F0734F32}.Debug|x86.Build.0 = Debug|Any CPU
		{54E6808F-5C4E-4526-A8D0-F433F0734F32}.Development|Any CPU.ActiveCfg = Debug|Any CPU
		{54E6808F-5C4E-4526-A8D0-F433F0734F32}.Development|Any CPU.Build.0 = Debug|Any CPU
		{54E6808F-5C4E-4526-A8D0-F433F0734F32}.Development|x86.ActiveCfg = Debug|Any CPU
		{54E6808F-5C4E-4526-A8D0-F433F0734F32}.Development|x86.Build.0 = Debug|Any CPU
		{54E6808F-5C4E-4526-A8D0-F433F0734F32}.Latest|Any CPU.ActiveCfg = Release|Any CPU
		{54E6808F-5C4E-4526-A8D0-F433F0734F32}.Latest|Any CPU.Build.0 = Release|Any CPU
		{54E6808F-5C4E-4526-A8D0-F433F0734F32}.Latest|x86.ActiveCfg = Release|Any CPU
		{54E6808F-5C4E-4526-A8D0-F433F0734F32}.Latest|x86.Build.0 = Release|Any CPU
		{54E6808F-5C4E-4526-A8D0-F433F0734F32}.Release|Any CPU.ActiveCfg = Release|Any CPU
		{54E6808F-5C4E-4526-A8D0-F433F0734F32}.Release|Any CPU.Build.0 = Release|Any CPU
		{54E6808F-5C4E-4526-A8D0-F433F0734F32}.Release|x86.ActiveCfg = Release|Any CPU
		{54E6808F-5C4E-4526-A8D0-F433F0734F32}.Release|x86.Build.0 = Release|Any CPU
		{54E6808F-5C4E-4526-A8D0-F433F0734F32}.Stage|Any CPU.ActiveCfg = Release|Any CPU
		{54E6808F-5C4E-4526-A8D0-F433F0734F32}.Stage|Any CPU.Build.0 = Release|Any CPU
		{54E6808F-5C4E-4526-A8D0-F433F0734F32}.Stage|x86.ActiveCfg = Release|Any CPU
		{54E6808F-5C4E-4526-A8D0-F433F0734F32}.Stage|x86.Build.0 = Release|Any CPU
	EndGlobalSection
	GlobalSection(SolutionProperties) = preSolution
		HideSolutionNode = FALSE
	EndGlobalSection
	GlobalSection(ExtensibilityGlobals) = postSolution
		SolutionGuid = {289F5C9C-E3A0-4CC9-BA99-4395B6B95D25}
	EndGlobalSection
EndGlobal
